
Microsoft Visual Studio Solution File, Format Version 12.00
# Visual Studio 15
VisualStudioVersion = 15.0.27703.2035
MinimumVisualStudioVersion = 10.0.40219.1
Project("{FAE04EC0-301F-11D3-BF4B-00C04F79EFBC}") = "CoinTrader.Mobile.Android", "CoinTrader.Mobile\CoinTrader.Mobile.Android\CoinTrader.Mobile.Android.csproj", "{8EA07D79-9E32-406B-9FFD-61C44101A2EF}"
EndProject
Project("{FAE04EC0-301F-11D3-BF4B-00C04F79EFBC}") = "CoinTrader.Mobile.iOS", "CoinTrader.Mobile\CoinTrader.Mobile.iOS\CoinTrader.Mobile.iOS.csproj", "{9C73BB13-4A5C-41D2-98B0-6584D357C1BC}"
EndProject
Project("{FAE04EC0-301F-11D3-BF4B-00C04F79EFBC}") = "CoinTrader.Mobile.UWP", "CoinTrader.Mobile\CoinTrader.Mobile.UWP\CoinTrader.Mobile.UWP.csproj", "{A4D4F9EF-6FBF-4FBC-8F4C-AB3DCB40CB39}"
EndProject
Project("{D954291E-2A0B-460D-934E-DC6B0785DB48}") = "CoinTrader.Mobile", "CoinTrader.Mobile\CoinTrader.Mobile\CoinTrader.Mobile.shproj", "{E75C4BE1-7D45-4C29-BA50-7E08B41BEF7D}"
EndProject
Global
	GlobalSection(SharedMSBuildProjectFiles) = preSolution
		CoinTrader.Mobile\CoinTrader.Mobile\CoinTrader.Mobile.projitems*{8ea07d79-9e32-406b-9ffd-61c44101a2ef}*SharedItemsImports = 4
		CoinTrader.Mobile\CoinTrader.Mobile\CoinTrader.Mobile.projitems*{9c73bb13-4a5c-41d2-98b0-6584d357c1bc}*SharedItemsImports = 4
		CoinTrader.Mobile\CoinTrader.Mobile\CoinTrader.Mobile.projitems*{a4d4f9ef-6fbf-4fbc-8f4c-ab3dcb40cb39}*SharedItemsImports = 4
		CoinTrader.Mobile\CoinTrader.Mobile\CoinTrader.Mobile.projitems*{e75c4be1-7d45-4c29-ba50-7e08b41bef7d}*SharedItemsImports = 13
	EndGlobalSection
	GlobalSection(SolutionConfigurationPlatforms) = preSolution
		Ad-Hoc|Any CPU = Ad-Hoc|Any CPU
		Ad-Hoc|ARM = Ad-Hoc|ARM
		Ad-Hoc|iPhone = Ad-Hoc|iPhone
		Ad-Hoc|iPhoneSimulator = Ad-Hoc|iPhoneSimulator
		Ad-Hoc|x64 = Ad-Hoc|x64
		Ad-Hoc|x86 = Ad-Hoc|x86
		AppStore|Any CPU = AppStore|Any CPU
		AppStore|ARM = AppStore|ARM
		AppStore|iPhone = AppStore|iPhone
		AppStore|iPhoneSimulator = AppStore|iPhoneSimulator
		AppStore|x64 = AppStore|x64
		AppStore|x86 = AppStore|x86
		Debug|Any CPU = Debug|Any CPU
		Debug|ARM = Debug|ARM
		Debug|iPhone = Debug|iPhone
		Debug|iPhoneSimulator = Debug|iPhoneSimulator
		Debug|x64 = Debug|x64
		Debug|x86 = Debug|x86
		Release|Any CPU = Release|Any CPU
		Release|ARM = Release|ARM
		Release|iPhone = Release|iPhone
		Release|iPhoneSimulator = Release|iPhoneSimulator
		Release|x64 = Release|x64
		Release|x86 = Release|x86
	EndGlobalSection
	GlobalSection(ProjectConfigurationPlatforms) = postSolution
		{8EA07D79-9E32-406B-9FFD-61C44101A2EF}.Ad-Hoc|Any CPU.ActiveCfg = Release|Any CPU
		{8EA07D79-9E32-406B-9FFD-61C44101A2EF}.Ad-Hoc|Any CPU.Build.0 = Release|Any CPU
		{8EA07D79-9E32-406B-9FFD-61C44101A2EF}.Ad-Hoc|Any CPU.Deploy.0 = Release|Any CPU
		{8EA07D79-9E32-406B-9FFD-61C44101A2EF}.Ad-Hoc|ARM.ActiveCfg = Release|Any CPU
		{8EA07D79-9E32-406B-9FFD-61C44101A2EF}.Ad-Hoc|ARM.Build.0 = Release|Any CPU
		{8EA07D79-9E32-406B-9FFD-61C44101A2EF}.Ad-Hoc|ARM.Deploy.0 = Release|Any CPU
		{8EA07D79-9E32-406B-9FFD-61C44101A2EF}.Ad-Hoc|iPhone.ActiveCfg = Release|Any CPU
		{8EA07D79-9E32-406B-9FFD-61C44101A2EF}.Ad-Hoc|iPhone.Build.0 = Release|Any CPU
		{8EA07D79-9E32-406B-9FFD-61C44101A2EF}.Ad-Hoc|iPhone.Deploy.0 = Release|Any CPU
		{8EA07D79-9E32-406B-9FFD-61C44101A2EF}.Ad-Hoc|iPhoneSimulator.ActiveCfg = Release|Any CPU
		{8EA07D79-9E32-406B-9FFD-61C44101A2EF}.Ad-Hoc|iPhoneSimulator.Build.0 = Release|Any CPU
		{8EA07D79-9E32-406B-9FFD-61C44101A2EF}.Ad-Hoc|iPhoneSimulator.Deploy.0 = Release|Any CPU
		{8EA07D79-9E32-406B-9FFD-61C44101A2EF}.Ad-Hoc|x64.ActiveCfg = Release|Any CPU
		{8EA07D79-9E32-406B-9FFD-61C44101A2EF}.Ad-Hoc|x64.Build.0 = Release|Any CPU
		{8EA07D79-9E32-406B-9FFD-61C44101A2EF}.Ad-Hoc|x64.Deploy.0 = Release|Any CPU
		{8EA07D79-9E32-406B-9FFD-61C44101A2EF}.Ad-Hoc|x86.ActiveCfg = Release|Any CPU
		{8EA07D79-9E32-406B-9FFD-61C44101A2EF}.Ad-Hoc|x86.Build.0 = Release|Any CPU
		{8EA07D79-9E32-406B-9FFD-61C44101A2EF}.Ad-Hoc|x86.Deploy.0 = Release|Any CPU
		{8EA07D79-9E32-406B-9FFD-61C44101A2EF}.AppStore|Any CPU.ActiveCfg = Release|Any CPU
		{8EA07D79-9E32-406B-9FFD-61C44101A2EF}.AppStore|Any CPU.Build.0 = Release|Any CPU
		{8EA07D79-9E32-406B-9FFD-61C44101A2EF}.AppStore|Any CPU.Deploy.0 = Release|Any CPU
		{8EA07D79-9E32-406B-9FFD-61C44101A2EF}.AppStore|ARM.ActiveCfg = Release|Any CPU
		{8EA07D79-9E32-406B-9FFD-61C44101A2EF}.AppStore|ARM.Build.0 = Release|Any CPU
		{8EA07D79-9E32-406B-9FFD-61C44101A2EF}.AppStore|ARM.Deploy.0 = Release|Any CPU
		{8EA07D79-9E32-406B-9FFD-61C44101A2EF}.AppStore|iPhone.ActiveCfg = Release|Any CPU
		{8EA07D79-9E32-406B-9FFD-61C44101A2EF}.AppStore|iPhone.Build.0 = Release|Any CPU
		{8EA07D79-9E32-406B-9FFD-61C44101A2EF}.AppStore|iPhone.Deploy.0 = Release|Any CPU
		{8EA07D79-9E32-406B-9FFD-61C44101A2EF}.AppStore|iPhoneSimulator.ActiveCfg = Release|Any CPU
		{8EA07D79-9E32-406B-9FFD-61C44101A2EF}.AppStore|iPhoneSimulator.Build.0 = Release|Any CPU
		{8EA07D79-9E32-406B-9FFD-61C44101A2EF}.AppStore|iPhoneSimulator.Deploy.0 = Release|Any CPU
		{8EA07D79-9E32-406B-9FFD-61C44101A2EF}.AppStore|x64.ActiveCfg = Release|Any CPU
		{8EA07D79-9E32-406B-9FFD-61C44101A2EF}.AppStore|x64.Build.0 = Release|Any CPU
		{8EA07D79-9E32-406B-9FFD-61C44101A2EF}.AppStore|x64.Deploy.0 = Release|Any CPU
		{8EA07D79-9E32-406B-9FFD-61C44101A2EF}.AppStore|x86.ActiveCfg = Release|Any CPU
		{8EA07D79-9E32-406B-9FFD-61C44101A2EF}.AppStore|x86.Build.0 = Release|Any CPU
		{8EA07D79-9E32-406B-9FFD-61C44101A2EF}.AppStore|x86.Deploy.0 = Release|Any CPU
		{8EA07D79-9E32-406B-9FFD-61C44101A2EF}.Debug|Any CPU.ActiveCfg = Debug|Any CPU
		{8EA07D79-9E32-406B-9FFD-61C44101A2EF}.Debug|Any CPU.Build.0 = Debug|Any CPU
		{8EA07D79-9E32-406B-9FFD-61C44101A2EF}.Debug|Any CPU.Deploy.0 = Debug|Any CPU
		{8EA07D79-9E32-406B-9FFD-61C44101A2EF}.Debug|ARM.ActiveCfg = Debug|Any CPU
		{8EA07D79-9E32-406B-9FFD-61C44101A2EF}.Debug|ARM.Build.0 = Debug|Any CPU
		{8EA07D79-9E32-406B-9FFD-61C44101A2EF}.Debug|ARM.Deploy.0 = Debug|Any CPU
		{8EA07D79-9E32-406B-9FFD-61C44101A2EF}.Debug|iPhone.ActiveCfg = Debug|Any CPU
		{8EA07D79-9E32-406B-9FFD-61C44101A2EF}.Debug|iPhone.Build.0 = Debug|Any CPU
		{8EA07D79-9E32-406B-9FFD-61C44101A2EF}.Debug|iPhone.Deploy.0 = Debug|Any CPU
		{8EA07D79-9E32-406B-9FFD-61C44101A2EF}.Debug|iPhoneSimulator.ActiveCfg = Debug|Any CPU
		{8EA07D79-9E32-406B-9FFD-61C44101A2EF}.Debug|iPhoneSimulator.Build.0 = Debug|Any CPU
		{8EA07D79-9E32-406B-9FFD-61C44101A2EF}.Debug|iPhoneSimulator.Deploy.0 = Debug|Any CPU
		{8EA07D79-9E32-406B-9FFD-61C44101A2EF}.Debug|x64.ActiveCfg = Debug|Any CPU
		{8EA07D79-9E32-406B-9FFD-61C44101A2EF}.Debug|x64.Build.0 = Debug|Any CPU
		{8EA07D79-9E32-406B-9FFD-61C44101A2EF}.Debug|x64.Deploy.0 = Debug|Any CPU
		{8EA07D79-9E32-406B-9FFD-61C44101A2EF}.Debug|x86.ActiveCfg = Debug|Any CPU
		{8EA07D79-9E32-406B-9FFD-61C44101A2EF}.Debug|x86.Build.0 = Debug|Any CPU
		{8EA07D79-9E32-406B-9FFD-61C44101A2EF}.Debug|x86.Deploy.0 = Debug|Any CPU
		{8EA07D79-9E32-406B-9FFD-61C44101A2EF}.Release|Any CPU.ActiveCfg = Release|Any CPU
		{8EA07D79-9E32-406B-9FFD-61C44101A2EF}.Release|Any CPU.Build.0 = Release|Any CPU
		{8EA07D79-9E32-406B-9FFD-61C44101A2EF}.Release|Any CPU.Deploy.0 = Release|Any CPU
		{8EA07D79-9E32-406B-9FFD-61C44101A2EF}.Release|ARM.ActiveCfg = Release|Any CPU
		{8EA07D79-9E32-406B-9FFD-61C44101A2EF}.Release|ARM.Build.0 = Release|Any CPU
		{8EA07D79-9E32-406B-9FFD-61C44101A2EF}.Release|ARM.Deploy.0 = Release|Any CPU
		{8EA07D79-9E32-406B-9FFD-61C44101A2EF}.Release|iPhone.ActiveCfg = Release|Any CPU
		{8EA07D79-9E32-406B-9FFD-61C44101A2EF}.Release|iPhone.Build.0 = Release|Any CPU
		{8EA07D79-9E32-406B-9FFD-61C44101A2EF}.Release|iPhone.Deploy.0 = Release|Any CPU
		{8EA07D79-9E32-406B-9FFD-61C44101A2EF}.Release|iPhoneSimulator.ActiveCfg = Release|Any CPU
		{8EA07D79-9E32-406B-9FFD-61C44101A2EF}.Release|iPhoneSimulator.Build.0 = Release|Any CPU
		{8EA07D79-9E32-406B-9FFD-61C44101A2EF}.Release|iPhoneSimulator.Deploy.0 = Release|Any CPU
		{8EA07D79-9E32-406B-9FFD-61C44101A2EF}.Release|x64.ActiveCfg = Release|Any CPU
		{8EA07D79-9E32-406B-9FFD-61C44101A2EF}.Release|x64.Build.0 = Release|Any CPU
		{8EA07D79-9E32-406B-9FFD-61C44101A2EF}.Release|x64.Deploy.0 = Release|Any CPU
		{8EA07D79-9E32-406B-9FFD-61C44101A2EF}.Release|x86.ActiveCfg = Release|Any CPU
		{8EA07D79-9E32-406B-9FFD-61C44101A2EF}.Release|x86.Build.0 = Release|Any CPU
		{8EA07D79-9E32-406B-9FFD-61C44101A2EF}.Release|x86.Deploy.0 = Release|Any CPU
		{9C73BB13-4A5C-41D2-98B0-6584D357C1BC}.Ad-Hoc|Any CPU.ActiveCfg = Ad-Hoc|iPhone
		{9C73BB13-4A5C-41D2-98B0-6584D357C1BC}.Ad-Hoc|Any CPU.Build.0 = Ad-Hoc|iPhone
		{9C73BB13-4A5C-41D2-98B0-6584D357C1BC}.Ad-Hoc|Any CPU.Deploy.0 = Ad-Hoc|iPhone
		{9C73BB13-4A5C-41D2-98B0-6584D357C1BC}.Ad-Hoc|ARM.ActiveCfg = Ad-Hoc|iPhone
		{9C73BB13-4A5C-41D2-98B0-6584D357C1BC}.Ad-Hoc|ARM.Build.0 = Ad-Hoc|iPhone
		{9C73BB13-4A5C-41D2-98B0-6584D357C1BC}.Ad-Hoc|ARM.Deploy.0 = Ad-Hoc|iPhone
		{9C73BB13-4A5C-41D2-98B0-6584D357C1BC}.Ad-Hoc|iPhone.ActiveCfg = Ad-Hoc|iPhone
		{9C73BB13-4A5C-41D2-98B0-6584D357C1BC}.Ad-Hoc|iPhone.Build.0 = Ad-Hoc|iPhone
		{9C73BB13-4A5C-41D2-98B0-6584D357C1BC}.Ad-Hoc|iPhone.Deploy.0 = Ad-Hoc|iPhone
		{9C73BB13-4A5C-41D2-98B0-6584D357C1BC}.Ad-Hoc|iPhoneSimulator.ActiveCfg = Ad-Hoc|iPhoneSimulator
		{9C73BB13-4A5C-41D2-98B0-6584D357C1BC}.Ad-Hoc|iPhoneSimulator.Build.0 = Ad-Hoc|iPhoneSimulator
		{9C73BB13-4A5C-41D2-98B0-6584D357C1BC}.Ad-Hoc|iPhoneSimulator.Deploy.0 = Ad-Hoc|iPhoneSimulator
		{9C73BB13-4A5C-41D2-98B0-6584D357C1BC}.Ad-Hoc|x64.ActiveCfg = Ad-Hoc|iPhone
		{9C73BB13-4A5C-41D2-98B0-6584D357C1BC}.Ad-Hoc|x64.Build.0 = Ad-Hoc|iPhone
		{9C73BB13-4A5C-41D2-98B0-6584D357C1BC}.Ad-Hoc|x64.Deploy.0 = Ad-Hoc|iPhone
		{9C73BB13-4A5C-41D2-98B0-6584D357C1BC}.Ad-Hoc|x86.ActiveCfg = Ad-Hoc|iPhone
		{9C73BB13-4A5C-41D2-98B0-6584D357C1BC}.Ad-Hoc|x86.Build.0 = Ad-Hoc|iPhone
		{9C73BB13-4A5C-41D2-98B0-6584D357C1BC}.Ad-Hoc|x86.Deploy.0 = Ad-Hoc|iPhone
		{9C73BB13-4A5C-41D2-98B0-6584D357C1BC}.AppStore|Any CPU.ActiveCfg = AppStore|iPhone
		{9C73BB13-4A5C-41D2-98B0-6584D357C1BC}.AppStore|Any CPU.Build.0 = AppStore|iPhone
		{9C73BB13-4A5C-41D2-98B0-6584D357C1BC}.AppStore|Any CPU.Deploy.0 = AppStore|iPhone
		{9C73BB13-4A5C-41D2-98B0-6584D357C1BC}.AppStore|ARM.ActiveCfg = AppStore|iPhone
		{9C73BB13-4A5C-41D2-98B0-6584D357C1BC}.AppStore|ARM.Build.0 = AppStore|iPhone
		{9C73BB13-4A5C-41D2-98B0-6584D357C1BC}.AppStore|ARM.Deploy.0 = AppStore|iPhone
		{9C73BB13-4A5C-41D2-98B0-6584D357C1BC}.AppStore|iPhone.ActiveCfg = AppStore|iPhone
		{9C73BB13-4A5C-41D2-98B0-6584D357C1BC}.AppStore|iPhone.Build.0 = AppStore|iPhone
		{9C73BB13-4A5C-41D2-98B0-6584D357C1BC}.AppStore|iPhone.Deploy.0 = AppStore|iPhone
		{9C73BB13-4A5C-41D2-98B0-6584D357C1BC}.AppStore|iPhoneSimulator.ActiveCfg = AppStore|iPhoneSimulator
		{9C73BB13-4A5C-41D2-98B0-6584D357C1BC}.AppStore|iPhoneSimulator.Build.0 = AppStore|iPhoneSimulator
		{9C73BB13-4A5C-41D2-98B0-6584D357C1BC}.AppStore|iPhoneSimulator.Deploy.0 = AppStore|iPhoneSimulator
		{9C73BB13-4A5C-41D2-98B0-6584D357C1BC}.AppStore|x64.ActiveCfg = AppStore|iPhone
		{9C73BB13-4A5C-41D2-98B0-6584D357C1BC}.AppStore|x64.Build.0 = AppStore|iPhone
		{9C73BB13-4A5C-41D2-98B0-6584D357C1BC}.AppStore|x64.Deploy.0 = AppStore|iPhone
		{9C73BB13-4A5C-41D2-98B0-6584D357C1BC}.AppStore|x86.ActiveCfg = AppStore|iPhone
		{9C73BB13-4A5C-41D2-98B0-6584D357C1BC}.AppStore|x86.Build.0 = AppStore|iPhone
		{9C73BB13-4A5C-41D2-98B0-6584D357C1BC}.AppStore|x86.Deploy.0 = AppStore|iPhone
		{9C73BB13-4A5C-41D2-98B0-6584D357C1BC}.Debug|Any CPU.ActiveCfg = Debug|iPhoneSimulator
		{9C73BB13-4A5C-41D2-98B0-6584D357C1BC}.Debug|Any CPU.Build.0 = Debug|iPhoneSimulator
		{9C73BB13-4A5C-41D2-98B0-6584D357C1BC}.Debug|Any CPU.Deploy.0 = Debug|iPhoneSimulator
		{9C73BB13-4A5C-41D2-98B0-6584D357C1BC}.Debug|ARM.ActiveCfg = Debug|iPhone
		{9C73BB13-4A5C-41D2-98B0-6584D357C1BC}.Debug|ARM.Build.0 = Debug|iPhone
		{9C73BB13-4A5C-41D2-98B0-6584D357C1BC}.Debug|ARM.Deploy.0 = Debug|iPhone
		{9C73BB13-4A5C-41D2-98B0-6584D357C1BC}.Debug|iPhone.ActiveCfg = Debug|iPhone
		{9C73BB13-4A5C-41D2-98B0-6584D357C1BC}.Debug|iPhone.Build.0 = Debug|iPhone
		{9C73BB13-4A5C-41D2-98B0-6584D357C1BC}.Debug|iPhone.Deploy.0 = Debug|iPhone
		{9C73BB13-4A5C-41D2-98B0-6584D357C1BC}.Debug|iPhoneSimulator.ActiveCfg = Debug|iPhoneSimulator
		{9C73BB13-4A5C-41D2-98B0-6584D357C1BC}.Debug|iPhoneSimulator.Build.0 = Debug|iPhoneSimulator
		{9C73BB13-4A5C-41D2-98B0-6584D357C1BC}.Debug|iPhoneSimulator.Deploy.0 = Debug|iPhoneSimulator
		{9C73BB13-4A5C-41D2-98B0-6584D357C1BC}.Debug|x64.ActiveCfg = Debug|iPhone
		{9C73BB13-4A5C-41D2-98B0-6584D357C1BC}.Debug|x64.Build.0 = Debug|iPhone
		{9C73BB13-4A5C-41D2-98B0-6584D357C1BC}.Debug|x64.Deploy.0 = Debug|iPhone
		{9C73BB13-4A5C-41D2-98B0-6584D357C1BC}.Debug|x86.ActiveCfg = Debug|iPhone
		{9C73BB13-4A5C-41D2-98B0-6584D357C1BC}.Debug|x86.Build.0 = Debug|iPhone
		{9C73BB13-4A5C-41D2-98B0-6584D357C1BC}.Debug|x86.Deploy.0 = Debug|iPhone
		{9C73BB13-4A5C-41D2-98B0-6584D357C1BC}.Release|Any CPU.ActiveCfg = Release|iPhone
		{9C73BB13-4A5C-41D2-98B0-6584D357C1BC}.Release|Any CPU.Build.0 = Release|iPhone
		{9C73BB13-4A5C-41D2-98B0-6584D357C1BC}.Release|Any CPU.Deploy.0 = Release|iPhone
		{9C73BB13-4A5C-41D2-98B0-6584D357C1BC}.Release|ARM.ActiveCfg = Release|iPhone
		{9C73BB13-4A5C-41D2-98B0-6584D357C1BC}.Release|ARM.Build.0 = Release|iPhone
		{9C73BB13-4A5C-41D2-98B0-6584D357C1BC}.Release|ARM.Deploy.0 = Release|iPhone
		{9C73BB13-4A5C-41D2-98B0-6584D357C1BC}.Release|iPhone.ActiveCfg = Release|iPhone
		{9C73BB13-4A5C-41D2-98B0-6584D357C1BC}.Release|iPhone.Build.0 = Release|iPhone
		{9C73BB13-4A5C-41D2-98B0-6584D357C1BC}.Release|iPhone.Deploy.0 = Release|iPhone
		{9C73BB13-4A5C-41D2-98B0-6584D357C1BC}.Release|iPhoneSimulator.ActiveCfg = Release|iPhoneSimulator
		{9C73BB13-4A5C-41D2-98B0-6584D357C1BC}.Release|iPhoneSimulator.Build.0 = Release|iPhoneSimulator
		{9C73BB13-4A5C-41D2-98B0-6584D357C1BC}.Release|iPhoneSimulator.Deploy.0 = Release|iPhoneSimulator
		{9C73BB13-4A5C-41D2-98B0-6584D357C1BC}.Release|x64.ActiveCfg = Release|iPhone
		{9C73BB13-4A5C-41D2-98B0-6584D357C1BC}.Release|x64.Build.0 = Release|iPhone
		{9C73BB13-4A5C-41D2-98B0-6584D357C1BC}.Release|x64.Deploy.0 = Release|iPhone
		{9C73BB13-4A5C-41D2-98B0-6584D357C1BC}.Release|x86.ActiveCfg = Release|iPhone
		{9C73BB13-4A5C-41D2-98B0-6584D357C1BC}.Release|x86.Build.0 = Release|iPhone
		{9C73BB13-4A5C-41D2-98B0-6584D357C1BC}.Release|x86.Deploy.0 = Release|iPhone
		{A4D4F9EF-6FBF-4FBC-8F4C-AB3DCB40CB39}.Ad-Hoc|Any CPU.ActiveCfg = Release|x86
		{A4D4F9EF-6FBF-4FBC-8F4C-AB3DCB40CB39}.Ad-Hoc|Any CPU.Build.0 = Release|x86
		{A4D4F9EF-6FBF-4FBC-8F4C-AB3DCB40CB39}.Ad-Hoc|Any CPU.Deploy.0 = Release|x86
		{A4D4F9EF-6FBF-4FBC-8F4C-AB3DCB40CB39}.Ad-Hoc|ARM.ActiveCfg = Release|ARM
		{A4D4F9EF-6FBF-4FBC-8F4C-AB3DCB40CB39}.Ad-Hoc|ARM.Build.0 = Release|ARM
		{A4D4F9EF-6FBF-4FBC-8F4C-AB3DCB40CB39}.Ad-Hoc|ARM.Deploy.0 = Release|ARM
		{A4D4F9EF-6FBF-4FBC-8F4C-AB3DCB40CB39}.Ad-Hoc|iPhone.ActiveCfg = Release|x86
		{A4D4F9EF-6FBF-4FBC-8F4C-AB3DCB40CB39}.Ad-Hoc|iPhone.Build.0 = Release|x86
		{A4D4F9EF-6FBF-4FBC-8F4C-AB3DCB40CB39}.Ad-Hoc|iPhone.Deploy.0 = Release|x86
		{A4D4F9EF-6FBF-4FBC-8F4C-AB3DCB40CB39}.Ad-Hoc|iPhoneSimulator.ActiveCfg = Release|x86
		{A4D4F9EF-6FBF-4FBC-8F4C-AB3DCB40CB39}.Ad-Hoc|iPhoneSimulator.Build.0 = Release|x86
		{A4D4F9EF-6FBF-4FBC-8F4C-AB3DCB40CB39}.Ad-Hoc|iPhoneSimulator.Deploy.0 = Release|x86
		{A4D4F9EF-6FBF-4FBC-8F4C-AB3DCB40CB39}.Ad-Hoc|x64.ActiveCfg = Release|x64
		{A4D4F9EF-6FBF-4FBC-8F4C-AB3DCB40CB39}.Ad-Hoc|x64.Build.0 = Release|x64
		{A4D4F9EF-6FBF-4FBC-8F4C-AB3DCB40CB39}.Ad-Hoc|x64.Deploy.0 = Release|x64
		{A4D4F9EF-6FBF-4FBC-8F4C-AB3DCB40CB39}.Ad-Hoc|x86.ActiveCfg = Release|x86
		{A4D4F9EF-6FBF-4FBC-8F4C-AB3DCB40CB39}.Ad-Hoc|x86.Build.0 = Release|x86
		{A4D4F9EF-6FBF-4FBC-8F4C-AB3DCB40CB39}.Ad-Hoc|x86.Deploy.0 = Release|x86
		{A4D4F9EF-6FBF-4FBC-8F4C-AB3DCB40CB39}.AppStore|Any CPU.ActiveCfg = Release|x86
		{A4D4F9EF-6FBF-4FBC-8F4C-AB3DCB40CB39}.AppStore|Any CPU.Build.0 = Release|x86
		{A4D4F9EF-6FBF-4FBC-8F4C-AB3DCB40CB39}.AppStore|Any CPU.Deploy.0 = Release|x86
		{A4D4F9EF-6FBF-4FBC-8F4C-AB3DCB40CB39}.AppStore|ARM.ActiveCfg = Release|ARM
		{A4D4F9EF-6FBF-4FBC-8F4C-AB3DCB40CB39}.AppStore|ARM.Build.0 = Release|ARM
		{A4D4F9EF-6FBF-4FBC-8F4C-AB3DCB40CB39}.AppStore|ARM.Deploy.0 = Release|ARM
		{A4D4F9EF-6FBF-4FBC-8F4C-AB3DCB40CB39}.AppStore|iPhone.ActiveCfg = Release|x86
		{A4D4F9EF-6FBF-4FBC-8F4C-AB3DCB40CB39}.AppStore|iPhone.Build.0 = Release|x86
		{A4D4F9EF-6FBF-4FBC-8F4C-AB3DCB40CB39}.AppStore|iPhone.Deploy.0 = Release|x86
		{A4D4F9EF-6FBF-4FBC-8F4C-AB3DCB40CB39}.AppStore|iPhoneSimulator.ActiveCfg = Release|x86
		{A4D4F9EF-6FBF-4FBC-8F4C-AB3DCB40CB39}.AppStore|iPhoneSimulator.Build.0 = Release|x86
		{A4D4F9EF-6FBF-4FBC-8F4C-AB3DCB40CB39}.AppStore|iPhoneSimulator.Deploy.0 = Release|x86
		{A4D4F9EF-6FBF-4FBC-8F4C-AB3DCB40CB39}.AppStore|x64.ActiveCfg = Release|x64
		{A4D4F9EF-6FBF-4FBC-8F4C-AB3DCB40CB39}.AppStore|x64.Build.0 = Release|x64
		{A4D4F9EF-6FBF-4FBC-8F4C-AB3DCB40CB39}.AppStore|x64.Deploy.0 = Release|x64
		{A4D4F9EF-6FBF-4FBC-8F4C-AB3DCB40CB39}.AppStore|x86.ActiveCfg = Release|x86
		{A4D4F9EF-6FBF-4FBC-8F4C-AB3DCB40CB39}.AppStore|x86.Build.0 = Release|x86
		{A4D4F9EF-6FBF-4FBC-8F4C-AB3DCB40CB39}.AppStore|x86.Deploy.0 = Release|x86
		{A4D4F9EF-6FBF-4FBC-8F4C-AB3DCB40CB39}.Debug|Any CPU.ActiveCfg = Debug|x86
		{A4D4F9EF-6FBF-4FBC-8F4C-AB3DCB40CB39}.Debug|Any CPU.Build.0 = Debug|x86
		{A4D4F9EF-6FBF-4FBC-8F4C-AB3DCB40CB39}.Debug|Any CPU.Deploy.0 = Debug|x86
		{A4D4F9EF-6FBF-4FBC-8F4C-AB3DCB40CB39}.Debug|ARM.ActiveCfg = Debug|ARM
		{A4D4F9EF-6FBF-4FBC-8F4C-AB3DCB40CB39}.Debug|ARM.Build.0 = Debug|ARM
		{A4D4F9EF-6FBF-4FBC-8F4C-AB3DCB40CB39}.Debug|ARM.Deploy.0 = Debug|ARM
		{A4D4F9EF-6FBF-4FBC-8F4C-AB3DCB40CB39}.Debug|iPhone.ActiveCfg = Debug|x86
		{A4D4F9EF-6FBF-4FBC-8F4C-AB3DCB40CB39}.Debug|iPhone.Build.0 = Debug|x86
		{A4D4F9EF-6FBF-4FBC-8F4C-AB3DCB40CB39}.Debug|iPhone.Deploy.0 = Debug|x86
		{A4D4F9EF-6FBF-4FBC-8F4C-AB3DCB40CB39}.Debug|iPhoneSimulator.ActiveCfg = Debug|x86
		{A4D4F9EF-6FBF-4FBC-8F4C-AB3DCB40CB39}.Debug|iPhoneSimulator.Build.0 = Debug|x86
		{A4D4F9EF-6FBF-4FBC-8F4C-AB3DCB40CB39}.Debug|iPhoneSimulator.Deploy.0 = Debug|x86
		{A4D4F9EF-6FBF-4FBC-8F4C-AB3DCB40CB39}.Debug|x64.ActiveCfg = Debug|x64
		{A4D4F9EF-6FBF-4FBC-8F4C-AB3DCB40CB39}.Debug|x64.Build.0 = Debug|x64
		{A4D4F9EF-6FBF-4FBC-8F4C-AB3DCB40CB39}.Debug|x64.Deploy.0 = Debug|x64
		{A4D4F9EF-6FBF-4FBC-8F4C-AB3DCB40CB39}.Debug|x86.ActiveCfg = Debug|x86
		{A4D4F9EF-6FBF-4FBC-8F4C-AB3DCB40CB39}.Debug|x86.Build.0 = Debug|x86
		{A4D4F9EF-6FBF-4FBC-8F4C-AB3DCB40CB39}.Debug|x86.Deploy.0 = Debug|x86
		{A4D4F9EF-6FBF-4FBC-8F4C-AB3DCB40CB39}.Release|Any CPU.ActiveCfg = Release|x86
		{A4D4F9EF-6FBF-4FBC-8F4C-AB3DCB40CB39}.Release|Any CPU.Build.0 = Release|x86
		{A4D4F9EF-6FBF-4FBC-8F4C-AB3DCB40CB39}.Release|Any CPU.Deploy.0 = Release|x86
		{A4D4F9EF-6FBF-4FBC-8F4C-AB3DCB40CB39}.Release|ARM.ActiveCfg = Release|ARM
		{A4D4F9EF-6FBF-4FBC-8F4C-AB3DCB40CB39}.Release|ARM.Build.0 = Release|ARM
		{A4D4F9EF-6FBF-4FBC-8F4C-AB3DCB40CB39}.Release|ARM.Deploy.0 = Release|ARM
		{A4D4F9EF-6FBF-4FBC-8F4C-AB3DCB40CB39}.Release|iPhone.ActiveCfg = Release|x86
		{A4D4F9EF-6FBF-4FBC-8F4C-AB3DCB40CB39}.Release|iPhone.Build.0 = Release|x86
		{A4D4F9EF-6FBF-4FBC-8F4C-AB3DCB40CB39}.Release|iPhone.Deploy.0 = Release|x86
		{A4D4F9EF-6FBF-4FBC-8F4C-AB3DCB40CB39}.Release|iPhoneSimulator.ActiveCfg = Release|x86
		{A4D4F9EF-6FBF-4FBC-8F4C-AB3DCB40CB39}.Release|iPhoneSimulator.Build.0 = Release|x86
		{A4D4F9EF-6FBF-4FBC-8F4C-AB3DCB40CB39}.Release|iPhoneSimulator.Deploy.0 = Release|x86
		{A4D4F9EF-6FBF-4FBC-8F4C-AB3DCB40CB39}.Release|x64.ActiveCfg = Release|x64
		{A4D4F9EF-6FBF-4FBC-8F4C-AB3DCB40CB39}.Release|x64.Build.0 = Release|x64
		{A4D4F9EF-6FBF-4FBC-8F4C-AB3DCB40CB39}.Release|x64.Deploy.0 = Release|x64
		{A4D4F9EF-6FBF-4FBC-8F4C-AB3DCB40CB39}.Release|x86.ActiveCfg = Release|x86
		{A4D4F9EF-6FBF-4FBC-8F4C-AB3DCB40CB39}.Release|x86.Build.0 = Release|x86
		{A4D4F9EF-6FBF-4FBC-8F4C-AB3DCB40CB39}.Release|x86.Deploy.0 = Release|x86
	EndGlobalSection
	GlobalSection(SolutionProperties) = preSolution
		HideSolutionNode = FALSE
	EndGlobalSection
	GlobalSection(ExtensibilityGlobals) = postSolution
		SolutionGuid = {5EF83B3B-1248-4BB3-B1A1-6D631CA0917F}
	EndGlobalSection
EndGlobal
